
Microsoft Visual Studio Solution File, Format Version 12.00
# Visual Studio Version 16
VisualStudioVersion = 16.0.31911.196
MinimumVisualStudioVersion = 10.0.40219.1
Project("{FAE04EC0-301F-11D3-BF4B-00C04F79EFBC}") = "win_wi", "win_wi\win_wi.csproj", "{169DB20F-5270-4B6B-BAE5-F87DC4900C2F}"
EndProject
Global
	GlobalSection(SolutionConfigurationPlatforms) = preSolution
		Debug|Any CPU = Debug|Any CPU
		Release|Any CPU = Release|Any CPU
	EndGlobalSection
	GlobalSection(ProjectConfigurationPlatforms) = postSolution
		{169DB20F-5270-4B6B-BAE5-F87DC4900C2F}.Debug|Any CPU.ActiveCfg = Debug|Any CPU
		{169DB20F-5270-4B6B-BAE5-F87DC4900C2F}.Debug|Any CPU.Build.0 = Debug|Any CPU
		{169DB20F-5270-4B6B-BAE5-F87DC4900C2F}.Release|Any CPU.ActiveCfg = Release|Any CPU
		{169DB20F-5270-4B6B-BAE5-F87DC4900C2F}.Release|Any CPU.Build.0 = Release|Any CPU
	EndGlobalSection
	GlobalSection(SolutionProperties) = preSolution
		HideSolutionNode = FALSE
	EndGlobalSection
	GlobalSection(ExtensibilityGlobals) = postSolution
		SolutionGuid = {8A5FB7EF-9BEB-494E-8E0C-3CCD582DB553}
	EndGlobalSection
EndGlobal
